
Microsoft Visual Studio Solution File, Format Version 12.00
# Visual Studio 15
VisualStudioVersion = 15.0.26228.4
MinimumVisualStudioVersion = 10.0.40219.1
Project("{FAE04EC0-301F-11D3-BF4B-00C04F79EFBC}") = "Gravitybox.GCache", "Gravitybox.GCache\Gravitybox.GCache.csproj", "{E8163FB5-7BC0-4231-A901-02529CA2EEC5}"
EndProject
Project("{FAE04EC0-301F-11D3-BF4B-00C04F79EFBC}") = "Gravitybox.GCache.Common", "Gravitybox.GCache.Common\Gravitybox.GCache.Common.csproj", "{01B14F01-BABB-489B-9BAC-F772E66405D0}"
EndProject
Project("{FAE04EC0-301F-11D3-BF4B-00C04F79EFBC}") = "Gravitybox.GCache.Tests", "Gravitybox.GCache.Test\Gravitybox.GCache.Tests.csproj", "{39F066CC-5135-4BBE-A421-79DEE872F841}"
EndProject
Global
	GlobalSection(SolutionConfigurationPlatforms) = preSolution
		Debug|Any CPU = Debug|Any CPU
		Release|Any CPU = Release|Any CPU
	EndGlobalSection
	GlobalSection(ProjectConfigurationPlatforms) = postSolution
		{E8163FB5-7BC0-4231-A901-02529CA2EEC5}.Debug|Any CPU.ActiveCfg = Debug|Any CPU
		{E8163FB5-7BC0-4231-A901-02529CA2EEC5}.Debug|Any CPU.Build.0 = Debug|Any CPU
		{E8163FB5-7BC0-4231-A901-02529CA2EEC5}.Release|Any CPU.ActiveCfg = Release|Any CPU
		{E8163FB5-7BC0-4231-A901-02529CA2EEC5}.Release|Any CPU.Build.0 = Release|Any CPU
		{01B14F01-BABB-489B-9BAC-F772E66405D0}.Debug|Any CPU.ActiveCfg = Debug|Any CPU
		{01B14F01-BABB-489B-9BAC-F772E66405D0}.Debug|Any CPU.Build.0 = Debug|Any CPU
		{01B14F01-BABB-489B-9BAC-F772E66405D0}.Release|Any CPU.ActiveCfg = Release|Any CPU
		{01B14F01-BABB-489B-9BAC-F772E66405D0}.Release|Any CPU.Build.0 = Release|Any CPU
		{39F066CC-5135-4BBE-A421-79DEE872F841}.Debug|Any CPU.ActiveCfg = Debug|Any CPU
		{39F066CC-5135-4BBE-A421-79DEE872F841}.Debug|Any CPU.Build.0 = Debug|Any CPU
		{39F066CC-5135-4BBE-A421-79DEE872F841}.Release|Any CPU.ActiveCfg = Release|Any CPU
		{39F066CC-5135-4BBE-A421-79DEE872F841}.Release|Any CPU.Build.0 = Release|Any CPU
	EndGlobalSection
	GlobalSection(SolutionProperties) = preSolution
		HideSolutionNode = FALSE
	EndGlobalSection
EndGlobal
